{
  "version": 4,
  "terraform_version": "1.8.3",
  "serial": 1,
  "lineage": "fcb69292-9085-65a0-6d13-05ac5791b3d2",
  "outputs": {},
  "resources": [
    {
      "mode": "managed",
      "type": "docker_image",
      "name": "ubuntu",
      "provider": "provider[\"registry.terraform.io/kreuzwerker/docker\"]",
      "instances": [
        {
          "schema_version": 0,
          "attributes": {
            "build": [],
            "force_remove": null,
            "id": "sha256:17c0145030df106e60e5d99149d69810db23b869ff0d3c9d236279a5a7bbb6b3ubuntu:latest",
            "image_id": "sha256:17c0145030df106e60e5d99149d69810db23b869ff0d3c9d236279a5a7bbb6b3",
            "keep_locally": null,
            "name": "ubuntu:latest",
            "platform": null,
            "pull_triggers": null,
            "repo_digest": "ubuntu@sha256:e3f92abc0967a6c19d0dfa2d55838833e947b9d74edbcb0113e48535ad4be12a",
            "triggers": null
          },
          "sensitive_attributes": [],
          "private": "bnVsbA=="
        }
      ]
    }
  ],
  "check_results": null
}
